
Microsoft Visual Studio Solution File, Format Version 12.00
# Visual Studio 15
VisualStudioVersion = 15.0.26730.10
MinimumVisualStudioVersion = 10.0.40219.1
Project("{FAE04EC0-301F-11D3-BF4B-00C04F79EFBC}") = "Vidly", "Vidly\Vidly.csproj", "{60014E53-F48F-4FDF-B4DB-769C3C2BBFBB}"
EndProject
Project("{FAE04EC0-301F-11D3-BF4B-00C04F79EFBC}") = "Vidly.Tests", "Vidly.Tests\Vidly.Tests.csproj", "{9F5E270B-8354-482B-A3EE-4B50ECD92594}"
EndProject
Global
	GlobalSection(SolutionConfigurationPlatforms) = preSolution
		Debug|Any CPU = Debug|Any CPU
		Release|Any CPU = Release|Any CPU
	EndGlobalSection
	GlobalSection(ProjectConfigurationPlatforms) = postSolution
		{60014E53-F48F-4FDF-B4DB-769C3C2BBFBB}.Debug|Any CPU.ActiveCfg = Debug|Any CPU
		{60014E53-F48F-4FDF-B4DB-769C3C2BBFBB}.Debug|Any CPU.Build.0 = Debug|Any CPU
		{60014E53-F48F-4FDF-B4DB-769C3C2BBFBB}.Release|Any CPU.ActiveCfg = Release|Any CPU
		{60014E53-F48F-4FDF-B4DB-769C3C2BBFBB}.Release|Any CPU.Build.0 = Release|Any CPU
		{9F5E270B-8354-482B-A3EE-4B50ECD92594}.Debug|Any CPU.ActiveCfg = Debug|Any CPU
		{9F5E270B-8354-482B-A3EE-4B50ECD92594}.Debug|Any CPU.Build.0 = Debug|Any CPU
		{9F5E270B-8354-482B-A3EE-4B50ECD92594}.Release|Any CPU.ActiveCfg = Release|Any CPU
		{9F5E270B-8354-482B-A3EE-4B50ECD92594}.Release|Any CPU.Build.0 = Release|Any CPU
	EndGlobalSection
	GlobalSection(SolutionProperties) = preSolution
		HideSolutionNode = FALSE
	EndGlobalSection
	GlobalSection(ExtensibilityGlobals) = postSolution
		SolutionGuid = {3E0CCE02-606F-4C84-94C5-579EF1138573}
	EndGlobalSection
EndGlobal
